
Microsoft Visual Studio Solution File, Format Version 12.00
# Visual Studio Version 17
VisualStudioVersion = 17.9.34622.214
MinimumVisualStudioVersion = 10.0.40219.1
Project("{FAE04EC0-301F-11D3-BF4B-00C04F79EFBC}") = "CodingTracker", "CodingTracker.csproj", "{A0324B44-0C49-406E-AD58-E312D271B1B2}"
EndProject
Global
	GlobalSection(SolutionConfigurationPlatforms) = preSolution
		Debug|Any CPU = Debug|Any CPU
		Release|Any CPU = Release|Any CPU
	EndGlobalSection
	GlobalSection(ProjectConfigurationPlatforms) = postSolution
		{A0324B44-0C49-406E-AD58-E312D271B1B2}.Debug|Any CPU.ActiveCfg = Debug|Any CPU
		{A0324B44-0C49-406E-AD58-E312D271B1B2}.Debug|Any CPU.Build.0 = Debug|Any CPU
		{A0324B44-0C49-406E-AD58-E312D271B1B2}.Release|Any CPU.ActiveCfg = Release|Any CPU
		{A0324B44-0C49-406E-AD58-E312D271B1B2}.Release|Any CPU.Build.0 = Release|Any CPU
	EndGlobalSection
	GlobalSection(SolutionProperties) = preSolution
		HideSolutionNode = FALSE
	EndGlobalSection
	GlobalSection(ExtensibilityGlobals) = postSolution
		SolutionGuid = {23E66E0F-4003-49DD-848B-C6C6D84C28A1}
	EndGlobalSection
EndGlobal
